
Microsoft Visual Studio Solution File, Format Version 12.00
# Visual Studio Version 16
VisualStudioVersion = 16.0.31019.35
MinimumVisualStudioVersion = 10.0.40219.1
Project("{9A19103F-16F7-4668-BE54-9A1E7A4F7556}") = "proiect_ii", "proiect_ii\proiect_ii.csproj", "{FF94D866-C9C3-4E1C-8ECB-7E74B05ED5E0}"
EndProject
Project("{FAE04EC0-301F-11D3-BF4B-00C04F79EFBC}") = "proiect_ii.Tests", "proiect_ii.Tests\proiect_ii.Tests.csproj", "{BF3290F2-A48A-4A41-84C9-87EF3BB5EE43}"
EndProject
Global
	GlobalSection(SolutionConfigurationPlatforms) = preSolution
		Debug|Any CPU = Debug|Any CPU
		Release|Any CPU = Release|Any CPU
	EndGlobalSection
	GlobalSection(ProjectConfigurationPlatforms) = postSolution
		{FF94D866-C9C3-4E1C-8ECB-7E74B05ED5E0}.Debug|Any CPU.ActiveCfg = Debug|Any CPU
		{FF94D866-C9C3-4E1C-8ECB-7E74B05ED5E0}.Debug|Any CPU.Build.0 = Debug|Any CPU
		{FF94D866-C9C3-4E1C-8ECB-7E74B05ED5E0}.Release|Any CPU.ActiveCfg = Release|Any CPU
		{FF94D866-C9C3-4E1C-8ECB-7E74B05ED5E0}.Release|Any CPU.Build.0 = Release|Any CPU
		{BF3290F2-A48A-4A41-84C9-87EF3BB5EE43}.Debug|Any CPU.ActiveCfg = Debug|Any CPU
		{BF3290F2-A48A-4A41-84C9-87EF3BB5EE43}.Debug|Any CPU.Build.0 = Debug|Any CPU
		{BF3290F2-A48A-4A41-84C9-87EF3BB5EE43}.Release|Any CPU.ActiveCfg = Release|Any CPU
		{BF3290F2-A48A-4A41-84C9-87EF3BB5EE43}.Release|Any CPU.Build.0 = Release|Any CPU
	EndGlobalSection
	GlobalSection(SolutionProperties) = preSolution
		HideSolutionNode = FALSE
	EndGlobalSection
	GlobalSection(ExtensibilityGlobals) = postSolution
		SolutionGuid = {347B4111-8343-4F06-BCF2-45482D1ABE87}
	EndGlobalSection
EndGlobal
